
Microsoft Visual Studio Solution File, Format Version 12.00
# Visual Studio Version 17
VisualStudioVersion = 17.2.32802.462
MinimumVisualStudioVersion = 10.0.40219.1
Project("{FAE04EC0-301F-11D3-BF4B-00C04F79EFBC}") = "OraRend", "OraRend\OraRend.csproj", "{F2C8183B-E26F-4661-8892-21BB32C376F0}"
EndProject
Global
	GlobalSection(SolutionConfigurationPlatforms) = preSolution
		Debug|Any CPU = Debug|Any CPU
		Release|Any CPU = Release|Any CPU
	EndGlobalSection
	GlobalSection(ProjectConfigurationPlatforms) = postSolution
		{F2C8183B-E26F-4661-8892-21BB32C376F0}.Debug|Any CPU.ActiveCfg = Debug|Any CPU
		{F2C8183B-E26F-4661-8892-21BB32C376F0}.Debug|Any CPU.Build.0 = Debug|Any CPU
		{F2C8183B-E26F-4661-8892-21BB32C376F0}.Release|Any CPU.ActiveCfg = Release|Any CPU
		{F2C8183B-E26F-4661-8892-21BB32C376F0}.Release|Any CPU.Build.0 = Release|Any CPU
	EndGlobalSection
	GlobalSection(SolutionProperties) = preSolution
		HideSolutionNode = FALSE
	EndGlobalSection
	GlobalSection(ExtensibilityGlobals) = postSolution
		SolutionGuid = {04BB606E-8BBF-4CF2-A13A-383543195A41}
	EndGlobalSection
EndGlobal
